
Microsoft Visual Studio Solution File, Format Version 12.00
# Visual Studio Version 17
VisualStudioVersion = 17.5.33516.290
MinimumVisualStudioVersion = 10.0.40219.1
Project("{FAE04EC0-301F-11D3-BF4B-00C04F79EFBC}") = "Login", "Login\Login.csproj", "{9A6554D4-89CA-428A-AC22-4AF5CF576351}"
EndProject
Global
	GlobalSection(SolutionConfigurationPlatforms) = preSolution
		Debug|Any CPU = Debug|Any CPU
		Release|Any CPU = Release|Any CPU
	EndGlobalSection
	GlobalSection(ProjectConfigurationPlatforms) = postSolution
		{9A6554D4-89CA-428A-AC22-4AF5CF576351}.Debug|Any CPU.ActiveCfg = Debug|Any CPU
		{9A6554D4-89CA-428A-AC22-4AF5CF576351}.Debug|Any CPU.Build.0 = Debug|Any CPU
		{9A6554D4-89CA-428A-AC22-4AF5CF576351}.Release|Any CPU.ActiveCfg = Release|Any CPU
		{9A6554D4-89CA-428A-AC22-4AF5CF576351}.Release|Any CPU.Build.0 = Release|Any CPU
	EndGlobalSection
	GlobalSection(SolutionProperties) = preSolution
		HideSolutionNode = FALSE
	EndGlobalSection
	GlobalSection(ExtensibilityGlobals) = postSolution
		SolutionGuid = {01D359B6-AA9D-4AB3-B43F-53FEAB0D0CAE}
	EndGlobalSection
EndGlobal
